// !$*UTF8*$!
{
	archiveVersion = 1;
	classes = {
	};
	objectVersion = 56;
	objects = {

/* Begin PBXBuildFile section */
		A28DEBEC2CEC845500FBF36A /* sachiApp.swift in Sources */ = {isa = PBXBuildFile; fileRef = A28DEBEB2CEC845500FBF36A /* sachiApp.swift */; };
		A28DEBEE2CEC845500FBF36A /* ContentView.swift in Sources */ = {isa = PBXBuildFile; fileRef = A28DEBED2CEC845500FBF36A /* ContentView.swift */; };
		A28DEBF02CEC845500FBF36A /* Assets.xcassets in Resources */ = {isa = PBXBuildFile; fileRef = A28DEBEF2CEC845500FBF36A /* Assets.xcassets */; };
		A28DEBF42CEC845500FBF36A /* Preview Assets.xcassets in Resources */ = {isa = PBXBuildFile; fileRef = A28DEBF32CEC845500FBF36A /* Preview Assets.xcassets */; };
		A28DEBFE2CEC845500FBF36A /* sachiTests.swift in Sources */ = {isa = PBXBuildFile; fileRef = A28DEBFD2CEC845500FBF36A /* sachiTests.swift */; };
		A28DEC082CEC845500FBF36A /* sachiUITests.swift in Sources */ = {isa = PBXBuildFile; fileRef = A28DEC072CEC845500FBF36A /* sachiUITests.swift */; };
		A28DEC0A2CEC845500FBF36A /* sachiUITestsLaunchTests.swift in Sources */ = {isa = PBXBuildFile; fileRef = A28DEC092CEC845500FBF36A /* sachiUITestsLaunchTests.swift */; };
/* End PBXBuildFile section */

/* Begin PBXContainerItemProxy section */
		A28DEBFA2CEC845500FBF36A /* PBXContainerItemProxy */ = {
			isa = PBXContainerItemProxy;
			containerPortal = A28DEBE02CEC845400FBF36A /* Project object */;
			proxyType = 1;
			remoteGlobalIDString = A28DEBE72CEC845500FBF36A;
			remoteInfo = sachi;
		};
		A28DEC042CEC845500FBF36A /* PBXContainerItemProxy */ = {
			isa = PBXContainerItemProxy;
			containerPortal = A28DEBE02CEC845400FBF36A /* Project object */;
			proxyType = 1;
			remoteGlobalIDString = A28DEBE72CEC845500FBF36A;
			remoteInfo = sachi;
		};
/* End PBXContainerItemProxy section */

/* Begin PBXFileReference section */
		A28DEBE82CEC845500FBF36A /* sachi.app */ = {isa = PBXFileReference; explicitFileType = wrapper.application; includeInIndex = 0; path = sachi.app; sourceTree = BUILT_PRODUCTS_DIR; };
		A28DEBEB2CEC845500FBF36A /* sachiApp.swift */ = {isa = PBXFileReference; lastKnownFileType = sourcecode.swift; path = sachiApp.swift; sourceTree = "<group>"; };
		A28DEBED2CEC845500FBF36A /* ContentView.swift */ = {isa = PBXFileReference; lastKnownFileType = sourcecode.swift; path = ContentView.swift; sourceTree = "<group>"; };
		A28DEBEF2CEC845500FBF36A /* Assets.xcassets */ = {isa = PBXFileReference; lastKnownFileType = folder.assetcatalog; path = Assets.xcassets; sourceTree = "<group>"; };
		A28DEBF12CEC845500FBF36A /* sachi.entitlements */ = {isa = PBXFileReference; lastKnownFileType = text.plist.entitlements; path = sachi.entitlements; sourceTree = "<group>"; };
		A28DEBF32CEC845500FBF36A /* Preview Assets.xcassets */ = {isa = PBXFileReference; lastKnownFileType = folder.assetcatalog; path = "Preview Assets.xcassets"; sourceTree = "<group>"; };
		A28DEBF92CEC845500FBF36A /* sachiTests.xctest */ = {isa = PBXFileReference; explicitFileType = wrapper.cfbundle; includeInIndex = 0; path = sachiTests.xctest; sourceTree = BUILT_PRODUCTS_DIR; };
		A28DEBFD2CEC845500FBF36A /* sachiTests.swift */ = {isa = PBXFileReference; lastKnownFileType = sourcecode.swift; path = sachiTests.swift; sourceTree = "<group>"; };
		A28DEC032CEC845500FBF36A /* sachiUITests.xctest */ = {isa = PBXFileReference; explicitFileType = wrapper.cfbundle; includeInIndex = 0; path = sachiUITests.xctest; sourceTree = BUILT_PRODUCTS_DIR; };
		A28DEC072CEC845500FBF36A /* sachiUITests.swift */ = {isa = PBXFileReference; lastKnownFileType = sourcecode.swift; path = sachiUITests.swift; sourceTree = "<group>"; };
		A28DEC092CEC845500FBF36A /* sachiUITestsLaunchTests.swift */ = {isa = PBXFileReference; lastKnownFileType = sourcecode.swift; path = sachiUITestsLaunchTests.swift; sourceTree = "<group>"; };
/* End PBXFileReference section */

/* Begin PBXFrameworksBuildPhase section */
		A28DEBE52CEC845500FBF36A /* Frameworks */ = {
			isa = PBXFrameworksBuildPhase;
			buildActionMask = 2147483647;
			files = (
			);
			runOnlyForDeploymentPostprocessing = 0;
		};
		A28DEBF62CEC845500FBF36A /* Frameworks */ = {
			isa = PBXFrameworksBuildPhase;
			buildActionMask = 2147483647;
			files = (
			);
			runOnlyForDeploymentPostprocessing = 0;
		};
		A28DEC002CEC845500FBF36A /* Frameworks */ = {
			isa = PBXFrameworksBuildPhase;
			buildActionMask = 2147483647;
			files = (
			);
			runOnlyForDeploymentPostprocessing = 0;
		};
/* End PBXFrameworksBuildPhase section */

/* Begin PBXGroup section */
		A28DEBDF2CEC845400FBF36A = {
			isa = PBXGroup;
			children = (
				A28DEBEA2CEC845500FBF36A /* sachi */,
				A28DEBFC2CEC845500FBF36A /* sachiTests */,
				A28DEC062CEC845500FBF36A /* sachiUITests */,
				A28DEBE92CEC845500FBF36A /* Products */,
			);
			sourceTree = "<group>";
		};
		A28DEBE92CEC845500FBF36A /* Products */ = {
			isa = PBXGroup;
			children = (
				A28DEBE82CEC845500FBF36A /* sachi.app */,
				A28DEBF92CEC845500FBF36A /* sachiTests.xctest */,
				A28DEC032CEC845500FBF36A /* sachiUITests.xctest */,
			);
			name = Products;
			sourceTree = "<group>";
		};
		A28DEBEA2CEC845500FBF36A /* sachi */ = {
			isa = PBXGroup;
			children = (
				A28DEBEB2CEC845500FBF36A /* sachiApp.swift */,
				A28DEBED2CEC845500FBF36A /* ContentView.swift */,
				A28DEBEF2CEC845500FBF36A /* Assets.xcassets */,
				A28DEBF12CEC845500FBF36A /* sachi.entitlements */,
				A28DEBF22CEC845500FBF36A /* Preview Content */,
			);
			path = sachi;
			sourceTree = "<group>";
		};
		A28DEBF22CEC845500FBF36A /* Preview Content */ = {
			isa = PBXGroup;
			children = (
				A28DEBF32CEC845500FBF36A /* Preview Assets.xcassets */,
			);
			path = "Preview Content";
			sourceTree = "<group>";
		};
		A28DEBFC2CEC845500FBF36A /* sachiTests */ = {
			isa = PBXGroup;
			children = (
				A28DEBFD2CEC845500FBF36A /* sachiTests.swift */,
			);
			path = sachiTests;
			sourceTree = "<group>";
		};
		A28DEC062CEC845500FBF36A /* sachiUITests */ = {
			isa = PBXGroup;
			children = (
				A28DEC072CEC845500FBF36A /* sachiUITests.swift */,
				A28DEC092CEC845500FBF36A /* sachiUITestsLaunchTests.swift */,
			);
			path = sachiUITests;
			sourceTree = "<group>";
		};
/* End PBXGroup section */

/* Begin PBXNativeTarget section */
		A28DEBE72CEC845500FBF36A /* sachi */ = {
			isa = PBXNativeTarget;
			buildConfigurationList = A28DEC0D2CEC845500FBF36A /* Build configuration list for PBXNativeTarget "sachi" */;
			buildPhases = (
				A28DEBE42CEC845500FBF36A /* Sources */,
				A28DEBE52CEC845500FBF36A /* Frameworks */,
				A28DEBE62CEC845500FBF36A /* Resources */,
			);
			buildRules = (
			);
			dependencies = (
			);
			name = sachi;
			productName = sachi;
			productReference = A28DEBE82CEC845500FBF36A /* sachi.app */;
			productType = "com.apple.product-type.application";
		};
		A28DEBF82CEC845500FBF36A /* sachiTests */ = {
			isa = PBXNativeTarget;
			buildConfigurationList = A28DEC102CEC845500FBF36A /* Build configuration list for PBXNativeTarget "sachiTests" */;
			buildPhases = (
				A28DEBF52CEC845500FBF36A /* Sources */,
				A28DEBF62CEC845500FBF36A /* Frameworks */,
				A28DEBF72CEC845500FBF36A /* Resources */,
			);
			buildRules = (
			);
			dependencies = (
				A28DEBFB2CEC845500FBF36A /* PBXTargetDependency */,
			);
			name = sachiTests;
			productName = sachiTests;
			productReference = A28DEBF92CEC845500FBF36A /* sachiTests.xctest */;
			productType = "com.apple.product-type.bundle.unit-test";
		};
		A28DEC022CEC845500FBF36A /* sachiUITests */ = {
			isa = PBXNativeTarget;
			buildConfigurationList = A28DEC132CEC845500FBF36A /* Build configuration list for PBXNativeTarget "sachiUITests" */;
			buildPhases = (
				A28DEBFF2CEC845500FBF36A /* Sources */,
				A28DEC002CEC845500FBF36A /* Frameworks */,
				A28DEC012CEC845500FBF36A /* Resources */,
			);
			buildRules = (
			);
			dependencies = (
				A28DEC052CEC845500FBF36A /* PBXTargetDependency */,
			);
			name = sachiUITests;
			productName = sachiUITests;
			productReference = A28DEC032CEC845500FBF36A /* sachiUITests.xctest */;
			productType = "com.apple.product-type.bundle.ui-testing";
		};
/* End PBXNativeTarget section */

/* Begin PBXProject section */
		A28DEBE02CEC845400FBF36A /* Project object */ = {
			isa = PBXProject;
			attributes = {
				BuildIndependentTargetsInParallel = 1;
				LastSwiftUpdateCheck = 1520;
				LastUpgradeCheck = 1520;
				TargetAttributes = {
					A28DEBE72CEC845500FBF36A = {
						CreatedOnToolsVersion = 15.2;
					};
					A28DEBF82CEC845500FBF36A = {
						CreatedOnToolsVersion = 15.2;
						TestTargetID = A28DEBE72CEC845500FBF36A;
					};
					A28DEC022CEC845500FBF36A = {
						CreatedOnToolsVersion = 15.2;
						TestTargetID = A28DEBE72CEC845500FBF36A;
					};
				};
			};
			buildConfigurationList = A28DEBE32CEC845400FBF36A /* Build configuration list for PBXProject "sachi" */;
			compatibilityVersion = "Xcode 14.0";
			developmentRegion = en;
			hasScannedForEncodings = 0;
			knownRegions = (
				en,
				Base,
			);
			mainGroup = A28DEBDF2CEC845400FBF36A;
			productRefGroup = A28DEBE92CEC845500FBF36A /* Products */;
			projectDirPath = "";
			projectRoot = "";
			targets = (
				A28DEBE72CEC845500FBF36A /* sachi */,
				A28DEBF82CEC845500FBF36A /* sachiTests */,
				A28DEC022CEC845500FBF36A /* sachiUITests */,
			);
		};
/* End PBXProject section */

/* Begin PBXResourcesBuildPhase section */
		A28DEBE62CEC845500FBF36A /* Resources */ = {
			isa = PBXResourcesBuildPhase;
			buildActionMask = 2147483647;
			files = (
				A28DEBF42CEC845500FBF36A /* Preview Assets.xcassets in Resources */,
				A28DEBF02CEC845500FBF36A /* Assets.xcassets in Resources */,
			);
			runOnlyForDeploymentPostprocessing = 0;
		};
		A28DEBF72CEC845500FBF36A /* Resources */ = {
			isa = PBXResourcesBuildPhase;
			buildActionMask = 2147483647;
			files = (
			);
			runOnlyForDeploymentPostprocessing = 0;
		};
		A28DEC012CEC845500FBF36A /* Resources */ = {
			isa = PBXResourcesBuildPhase;
			buildActionMask = 2147483647;
			files = (
			);
			runOnlyForDeploymentPostprocessing = 0;
		};
/* End PBXResourcesBuildPhase section */

/* Begin PBXSourcesBuildPhase section */
		A28DEBE42CEC845500FBF36A /* Sources */ = {
			isa = PBXSourcesBuildPhase;
			buildActionMask = 2147483647;
			files = (
				A28DEBEE2CEC845500FBF36A /* ContentView.swift in Sources */,
				A28DEBEC2CEC845500FBF36A /* sachiApp.swift in Sources */,
			);
			runOnlyForDeploymentPostprocessing = 0;
		};
		A28DEBF52CEC845500FBF36A /* Sources */ = {
			isa = PBXSourcesBuildPhase;
			buildActionMask = 2147483647;
			files = (
				A28DEBFE2CEC845500FBF36A /* sachiTests.swift in Sources */,
			);
			runOnlyForDeploymentPostprocessing = 0;
		};
		A28DEBFF2CEC845500FBF36A /* Sources */ = {
			isa = PBXSourcesBuildPhase;
			buildActionMask = 2147483647;
			files = (
				A28DEC082CEC845500FBF36A /* sachiUITests.swift in Sources */,
				A28DEC0A2CEC845500FBF36A /* sachiUITestsLaunchTests.swift in Sources */,
			);
			runOnlyForDeploymentPostprocessing = 0;
		};
/* End PBXSourcesBuildPhase section */

/* Begin PBXTargetDependency section */
		A28DEBFB2CEC845500FBF36A /* PBXTargetDependency */ = {
			isa = PBXTargetDependency;
			target = A28DEBE72CEC845500FBF36A /* sachi */;
			targetProxy = A28DEBFA2CEC845500FBF36A /* PBXContainerItemProxy */;
		};
		A28DEC052CEC845500FBF36A /* PBXTargetDependency */ = {
			isa = PBXTargetDependency;
			target = A28DEBE72CEC845500FBF36A /* sachi */;
			targetProxy = A28DEC042CEC845500FBF36A /* PBXContainerItemProxy */;
		};
/* End PBXTargetDependency section */

/* Begin XCBuildConfiguration section */
		A28DEC0B2CEC845500FBF36A /* Debug */ = {
			isa = XCBuildConfiguration;
			buildSettings = {
				ALWAYS_SEARCH_USER_PATHS = NO;
				ASSETCATALOG_COMPILER_GENERATE_SWIFT_ASSET_SYMBOL_EXTENSIONS = YES;
				CLANG_ANALYZER_NONNULL = YES;
				CLANG_ANALYZER_NUMBER_OBJECT_CONVERSION = YES_AGGRESSIVE;
				CLANG_CXX_LANGUAGE_STANDARD = "gnu++20";
				CLANG_ENABLE_MODULES = YES;
				CLANG_ENABLE_OBJC_ARC = YES;
				CLANG_ENABLE_OBJC_WEAK = YES;
				CLANG_WARN_BLOCK_CAPTURE_AUTORELEASING = YES;
				CLANG_WARN_BOOL_CONVERSION = YES;
				CLANG_WARN_COMMA = YES;
				CLANG_WARN_CONSTANT_CONVERSION = YES;
				CLANG_WARN_DEPRECATED_OBJC_IMPLEMENTATIONS = YES;
				CLANG_WARN_DIRECT_OBJC_ISA_USAGE = YES_ERROR;
				CLANG_WARN_DOCUMENTATION_COMMENTS = YES;
				CLANG_WARN_EMPTY_BODY = YES;
				CLANG_WARN_ENUM_CONVERSION = YES;
				CLANG_WARN_INFINITE_RECURSION = YES;
				CLANG_WARN_INT_CONVERSION = YES;
				CLANG_WARN_NON_LITERAL_NULL_CONVERSION = YES;
				CLANG_WARN_OBJC_IMPLICIT_RETAIN_SELF = YES;
				CLANG_WARN_OBJC_LITERAL_CONVERSION = YES;
				CLANG_WARN_OBJC_ROOT_CLASS = YES_ERROR;
				CLANG_WARN_QUOTED_INCLUDE_IN_FRAMEWORK_HEADER = YES;
				CLANG_WARN_RANGE_LOOP_ANALYSIS = YES;
				CLANG_WARN_STRICT_PROTOTYPES = YES;
				CLANG_WARN_SUSPICIOUS_MOVE = YES;
				CLANG_WARN_UNGUARDED_AVAILABILITY = YES_AGGRESSIVE;
				CLANG_WARN_UNREACHABLE_CODE = YES;
				CLANG_WARN__DUPLICATE_METHOD_MATCH = YES;
				COPY_PHASE_STRIP = NO;
				DEBUG_INFORMATION_FORMAT = dwarf;
				ENABLE_STRICT_OBJC_MSGSEND = YES;
				ENABLE_TESTABILITY = YES;
				ENABLE_USER_SCRIPT_SANDBOXING = YES;
				GCC_C_LANGUAGE_STANDARD = gnu17;
				GCC_DYNAMIC_NO_PIC = NO;
				GCC_NO_COMMON_BLOCKS = YES;
				GCC_OPTIMIZATION_LEVEL = 0;
				GCC_PREPROCESSOR_DEFINITIONS = (
					"DEBUG=1",
					"$(inherited)",
				);
				GCC_WARN_64_TO_32_BIT_CONVERSION = YES;
				GCC_WARN_ABOUT_RETURN_TYPE = YES_ERROR;
				GCC_WARN_UNDECLARED_SELECTOR = YES;
				GCC_WARN_UNINITIALIZED_AUTOS = YES_AGGRESSIVE;
				GCC_WARN_UNUSED_FUNCTION = YES;
				GCC_WARN_UNUSED_VARIABLE = YES;
				LOCALIZATION_PREFERS_STRING_CATALOGS = YES;
				MTL_ENABLE_DEBUG_INFO = INCLUDE_SOURCE;
				MTL_FAST_MATH = YES;
				ONLY_ACTIVE_ARCH = YES;
				SWIFT_ACTIVE_COMPILATION_CONDITIONS = "DEBUG $(inherited)";
				SWIFT_OPTIMIZATION_LEVEL = "-Onone";
			};
			name = Debug;
		};
		A28DEC0C2CEC845500FBF36A /* Release */ = {
			isa = XCBuildConfiguration;
			buildSettings = {
				ALWAYS_SEARCH_USER_PATHS = NO;
				ASSETCATALOG_COMPILER_GENERATE_SWIFT_ASSET_SYMBOL_EXTENSIONS = YES;
				CLANG_ANALYZER_NONNULL = YES;
				CLANG_ANALYZER_NUMBER_OBJECT_CONVERSION = YES_AGGRESSIVE;
				CLANG_CXX_LANGUAGE_STANDARD = "gnu++20";
				CLANG_ENABLE_MODULES = YES;
				CLANG_ENABLE_OBJC_ARC = YES;
				CLANG_ENABLE_OBJC_WEAK = YES;
				CLANG_WARN_BLOCK_CAPTURE_AUTORELEASING = YES;
				CLANG_WARN_BOOL_CONVERSION = YES;
				CLANG_WARN_COMMA = YES;
				CLANG_WARN_CONSTANT_CONVERSION = YES;
				CLANG_WARN_DEPRECATED_OBJC_IMPLEMENTATIONS = YES;
				CLANG_WARN_DIRECT_OBJC_ISA_USAGE = YES_ERROR;
				CLANG_WARN_DOCUMENTATION_COMMENTS = YES;
				CLANG_WARN_EMPTY_BODY = YES;
				CLANG_WARN_ENUM_CONVERSION = YES;
				CLANG_WARN_INFINITE_RECURSION = YES;
				CLANG_WARN_INT_CONVERSION = YES;
				CLANG_WARN_NON_LITERAL_NULL_CONVERSION = YES;
				CLANG_WARN_OBJC_IMPLICIT_RETAIN_SELF = YES;
				CLANG_WARN_OBJC_LITERAL_CONVERSION = YES;
				CLANG_WARN_OBJC_ROOT_CLASS = YES_ERROR;
				CLANG_WARN_QUOTED_INCLUDE_IN_FRAMEWORK_HEADER = YES;
				CLANG_WARN_RANGE_LOOP_ANALYSIS = YES;
				CLANG_WARN_STRICT_PROTOTYPES = YES;
				CLANG_WARN_SUSPICIOUS_MOVE = YES;
				CLANG_WARN_UNGUARDED_AVAILABILITY = YES_AGGRESSIVE;
				CLANG_WARN_UNREACHABLE_CODE = YES;
				CLANG_WARN__DUPLICATE_METHOD_MATCH = YES;
				COPY_PHASE_STRIP = NO;
				DEBUG_INFORMATION_FORMAT = "dwarf-with-dsym";
				ENABLE_NS_ASSERTIONS = NO;
				ENABLE_STRICT_OBJC_MSGSEND = YES;
				ENABLE_USER_SCRIPT_SANDBOXING = YES;
				GCC_C_LANGUAGE_STANDARD = gnu17;
				GCC_NO_COMMON_BLOCKS = YES;
				GCC_WARN_64_TO_32_BIT_CONVERSION = YES;
				GCC_WARN_ABOUT_RETURN_TYPE = YES_ERROR;
				GCC_WARN_UNDECLARED_SELECTOR = YES;
				GCC_WARN_UNINITIALIZED_AUTOS = YES_AGGRESSIVE;
				GCC_WARN_UNUSED_FUNCTION = YES;
				GCC_WARN_UNUSED_VARIABLE = YES;
				LOCALIZATION_PREFERS_STRING_CATALOGS = YES;
				MTL_ENABLE_DEBUG_INFO = NO;
				MTL_FAST_MATH = YES;
				SWIFT_COMPILATION_MODE = wholemodule;
			};
			name = Release;
		};
		A28DEC0E2CEC845500FBF36A /* Debug */ = {
			isa = XCBuildConfiguration;
			buildSettings = {
				ASSETCATALOG_COMPILER_APPICON_NAME = AppIcon;
				ASSETCATALOG_COMPILER_GLOBAL_ACCENT_COLOR_NAME = AccentColor;
				CODE_SIGN_ENTITLEMENTS = sachi/sachi.entitlements;
				CODE_SIGN_STYLE = Automatic;
				CURRENT_PROJECT_VERSION = 1;
				DEVELOPMENT_ASSET_PATHS = "\"sachi/Preview Content\"";
				ENABLE_PREVIEWS = YES;
				GENERATE_INFOPLIST_FILE = YES;
				"INFOPLIST_KEY_UIApplicationSceneManifest_Generation[sdk=iphoneos*]" = YES;
				"INFOPLIST_KEY_UIApplicationSceneManifest_Generation[sdk=iphonesimulator*]" = YES;
				"INFOPLIST_KEY_UIApplicationSupportsIndirectInputEvents[sdk=iphoneos*]" = YES;
				"INFOPLIST_KEY_UIApplicationSupportsIndirectInputEvents[sdk=iphonesimulator*]" = YES;
				"INFOPLIST_KEY_UILaunchScreen_Generation[sdk=iphoneos*]" = YES;
				"INFOPLIST_KEY_UILaunchScreen_Generation[sdk=iphonesimulator*]" = YES;
				"INFOPLIST_KEY_UIStatusBarStyle[sdk=iphoneos*]" = UIStatusBarStyleDefault;
				"INFOPLIST_KEY_UIStatusBarStyle[sdk=iphonesimulator*]" = UIStatusBarStyleDefault;
				INFOPLIST_KEY_UISupportedInterfaceOrientations_iPad = "UIInterfaceOrientationPortrait UIInterfaceOrientationPortraitUpsideDown UIInterfaceOrientationLandscapeLeft UIInterfaceOrientationLandscapeRight";
				INFOPLIST_KEY_UISupportedInterfaceOrientations_iPhone = "UIInterfaceOrientationPortrait UIInterfaceOrientationLandscapeLeft UIInterfaceOrientationLandscapeRight";
				IPHONEOS_DEPLOYMENT_TARGET = 17.2;
				LD_RUNPATH_SEARCH_PATHS = "@executable_path/Frameworks";
				"LD_RUNPATH_SEARCH_PATHS[sdk=macosx*]" = "@executable_path/../Frameworks";
				MACOSX_DEPLOYMENT_TARGET = 14.2;
				MARKETING_VERSION = 1.0;
				PRODUCT_BUNDLE_IDENTIFIER = yamamotosachi.sachi;
				PRODUCT_NAME = "$(TARGET_NAME)";
				SDKROOT = auto;
				SUPPORTED_PLATFORMS = "iphoneos iphonesimulator macosx";
				SWIFT_EMIT_LOC_STRINGS = YES;
				SWIFT_VERSION = 5.0;
				TARGETED_DEVICE_FAMILY = "1,2";
			};
			name = Debug;
		};
		A28DEC0F2CEC845500FBF36A /* Release */ = {
			isa = XCBuildConfiguration;
			buildSettings = {
				ASSETCATALOG_COMPILER_APPICON_NAME = AppIcon;
				ASSETCATALOG_COMPILER_GLOBAL_ACCENT_COLOR_NAME = AccentColor;
				CODE_SIGN_ENTITLEMENTS = sachi/sachi.entitlements;
				CODE_SIGN_STYLE = Automatic;
				CURRENT_PROJECT_VERSION = 1;
				DEVELOPMENT_ASSET_PATHS = "\"sachi/Preview Content\"";
				ENABLE_PREVIEWS = YES;
				GENERATE_INFOPLIST_FILE = YES;
				"INFOPLIST_KEY_UIApplicationSceneManifest_Generation[sdk=iphoneos*]" = YES;
				"INFOPLIST_KEY_UIApplicationSceneManifest_Generation[sdk=iphonesimulator*]" = YES;
				"INFOPLIST_KEY_UIApplicationSupportsIndirectInputEvents[sdk=iphoneos*]" = YES;
				"INFOPLIST_KEY_UIApplicationSupportsIndirectInputEvents[sdk=iphonesimulator*]" = YES;
				"INFOPLIST_KEY_UILaunchScreen_Generation[sdk=iphoneos*]" = YES;
				"INFOPLIST_KEY_UILaunchScreen_Generation[sdk=iphonesimulator*]" = YES;
				"INFOPLIST_KEY_UIStatusBarStyle[sdk=iphoneos*]" = UIStatusBarStyleDefault;
				"INFOPLIST_KEY_UIStatusBarStyle[sdk=iphonesimulator*]" = UIStatusBarStyleDefault;
				INFOPLIST_KEY_UISupportedInterfaceOrientations_iPad = "UIInterfaceOrientationPortrait UIInterfaceOrientationPortraitUpsideDown UIInterfaceOrientationLandscapeLeft UIInterfaceOrientationLandscapeRight";
				INFOPLIST_KEY_UISupportedInterfaceOrientations_iPhone = "UIInterfaceOrientationPortrait UIInterfaceOrientationLandscapeLeft UIInterfaceOrientationLandscapeRight";
				IPHONEOS_DEPLOYMENT_TARGET = 17.2;
				LD_RUNPATH_SEARCH_PATHS = "@executable_path/Frameworks";
				"LD_RUNPATH_SEARCH_PATHS[sdk=macosx*]" = "@executable_path/../Frameworks";
				MACOSX_DEPLOYMENT_TARGET = 14.2;
				MARKETING_VERSION = 1.0;
				PRODUCT_BUNDLE_IDENTIFIER = yamamotosachi.sachi;
				PRODUCT_NAME = "$(TARGET_NAME)";
				SDKROOT = auto;
				SUPPORTED_PLATFORMS = "iphoneos iphonesimulator macosx";
				SWIFT_EMIT_LOC_STRINGS = YES;
				SWIFT_VERSION = 5.0;
				TARGETED_DEVICE_FAMILY = "1,2";
			};
			name = Release;
		};
		A28DEC112CEC845500FBF36A /* Debug */ = {
			isa = XCBuildConfiguration;
			buildSettings = {
				ALWAYS_EMBED_SWIFT_STANDARD_LIBRARIES = YES;
				BUNDLE_LOADER = "$(TEST_HOST)";
				CODE_SIGN_STYLE = Automatic;
				CURRENT_PROJECT_VERSION = 1;
				GENERATE_INFOPLIST_FILE = YES;
				IPHONEOS_DEPLOYMENT_TARGET = 17.2;
				MACOSX_DEPLOYMENT_TARGET = 14.2;
				MARKETING_VERSION = 1.0;
				PRODUCT_BUNDLE_IDENTIFIER = yamamotosachi.sachiTests;
				PRODUCT_NAME = "$(TARGET_NAME)";
				SDKROOT = auto;
				SUPPORTED_PLATFORMS = "iphoneos iphonesimulator macosx";
				SWIFT_EMIT_LOC_STRINGS = NO;
				SWIFT_VERSION = 5.0;
				TARGETED_DEVICE_FAMILY = "1,2";
				TEST_HOST = "$(BUILT_PRODUCTS_DIR)/sachi.app/$(BUNDLE_EXECUTABLE_FOLDER_PATH)/sachi";
			};
			name = Debug;
		};
		A28DEC122CEC845500FBF36A /* Release */ = {
			isa = XCBuildConfiguration;
			buildSettings = {
				ALWAYS_EMBED_SWIFT_STANDARD_LIBRARIES = YES;
				BUNDLE_LOADER = "$(TEST_HOST)";
				CODE_SIGN_STYLE = Automatic;
				CURRENT_PROJECT_VERSION = 1;
				GENERATE_INFOPLIST_FILE = YES;
				IPHONEOS_DEPLOYMENT_TARGET = 17.2;
				MACOSX_DEPLOYMENT_TARGET = 14.2;
				MARKETING_VERSION = 1.0;
				PRODUCT_BUNDLE_IDENTIFIER = yamamotosachi.sachiTests;
				PRODUCT_NAME = "$(TARGET_NAME)";
				SDKROOT = auto;
				SUPPORTED_PLATFORMS = "iphoneos iphonesimulator macosx";
				SWIFT_EMIT_LOC_STRINGS = NO;
				SWIFT_VERSION = 5.0;
				TARGETED_DEVICE_FAMILY = "1,2";
				TEST_HOST = "$(BUILT_PRODUCTS_DIR)/sachi.app/$(BUNDLE_EXECUTABLE_FOLDER_PATH)/sachi";
			};
			name = Release;
		};
		A28DEC142CEC845500FBF36A /* Debug */ = {
			isa = XCBuildConfiguration;
			buildSettings = {
				ALWAYS_EMBED_SWIFT_STANDARD_LIBRARIES = YES;
				CODE_SIGN_STYLE = Automatic;
				CURRENT_PROJECT_VERSION = 1;
				GENERATE_INFOPLIST_FILE = YES;
				IPHONEOS_DEPLOYMENT_TARGET = 17.2;
				MACOSX_DEPLOYMENT_TARGET = 14.2;
				MARKETING_VERSION = 1.0;
				PRODUCT_BUNDLE_IDENTIFIER = yamamotosachi.sachiUITests;
				PRODUCT_NAME = "$(TARGET_NAME)";
				SDKROOT = auto;
				SUPPORTED_PLATFORMS = "iphoneos iphonesimulator macosx";
				SWIFT_EMIT_LOC_STRINGS = NO;
				SWIFT_VERSION = 5.0;
				TARGETED_DEVICE_FAMILY = "1,2";
				TEST_TARGET_NAME = sachi;
			};
			name = Debug;
		};
		A28DEC152CEC845500FBF36A /* Release */ = {
			isa = XCBuildConfiguration;
			buildSettings = {
				ALWAYS_EMBED_SWIFT_STANDARD_LIBRARIES = YES;
				CODE_SIGN_STYLE = Automatic;
				CURRENT_PROJECT_VERSION = 1;
				GENERATE_INFOPLIST_FILE = YES;
				IPHONEOS_DEPLOYMENT_TARGET = 17.2;
				MACOSX_DEPLOYMENT_TARGET = 14.2;
				MARKETING_VERSION = 1.0;
				PRODUCT_BUNDLE_IDENTIFIER = yamamotosachi.sachiUITests;
				PRODUCT_NAME = "$(TARGET_NAME)";
				SDKROOT = auto;
				SUPPORTED_PLATFORMS = "iphoneos iphonesimulator macosx";
				SWIFT_EMIT_LOC_STRINGS = NO;
				SWIFT_VERSION = 5.0;
				TARGETED_DEVICE_FAMILY = "1,2";
				TEST_TARGET_NAME = sachi;
			};
			name = Release;
		};
/* End XCBuildConfiguration section */

/* Begin XCConfigurationList section */
		A28DEBE32CEC845400FBF36A /* Build configuration list for PBXProject "sachi" */ = {
			isa = XCConfigurationList;
			buildConfigurations = (
				A28DEC0B2CEC845500FBF36A /* Debug */,
				A28DEC0C2CEC845500FBF36A /* Release */,
			);
			defaultConfigurationIsVisible = 0;
			defaultConfigurationName = Release;
		};
		A28DEC0D2CEC845500FBF36A /* Build configuration list for PBXNativeTarget "sachi" */ = {
			isa = XCConfigurationList;
			buildConfigurations = (
				A28DEC0E2CEC845500FBF36A /* Debug */,
				A28DEC0F2CEC845500FBF36A /* Release */,
			);
			defaultConfigurationIsVisible = 0;
			defaultConfigurationName = Release;
		};
		A28DEC102CEC845500FBF36A /* Build configuration list for PBXNativeTarget "sachiTests" */ = {
			isa = XCConfigurationList;
			buildConfigurations = (
				A28DEC112CEC845500FBF36A /* Debug */,
				A28DEC122CEC845500FBF36A /* Release */,
			);
			defaultConfigurationIsVisible = 0;
			defaultConfigurationName = Release;
		};
		A28DEC132CEC845500FBF36A /* Build configuration list for PBXNativeTarget "sachiUITests" */ = {
			isa = XCConfigurationList;
			buildConfigurations = (
				A28DEC142CEC845500FBF36A /* Debug */,
				A28DEC152CEC845500FBF36A /* Release */,
			);
			defaultConfigurationIsVisible = 0;
			defaultConfigurationName = Release;
		};
/* End XCConfigurationList section */
	};
	rootObject = A28DEBE02CEC845400FBF36A /* Project object */;
}
